{
  "name": "d3",
  "version": "4.0.0-alpha.44",
  "lockfileVersion": 1,
  "requires": true,
  "dependencies": {
    "d3-array": {
      "version": "0.7.1",
      "resolved": "https://registry.npmjs.org/d3-array/-/d3-array-0.7.1.tgz",
      "integrity": "sha1-oyHCFVhFnZlOtK1HtHgkDmSTOUI="
    },
    "d3-axis": {
      "version": "0.3.2",
      "resolved": "https://registry.npmjs.org/d3-axis/-/d3-axis-0.3.2.tgz",
      "integrity": "sha1-IiyXkJw//3LdxdaZH64jkm7sdIU=",
      "requires": {
        "d3-scale": "0.7.2",
        "d3-selection": "0.7.3",
        "d3-transition": "0.2.10"
      }
    },
    "d3-collection": {
      "version": "0.2.0",
      "resolved": "https://registry.npmjs.org/d3-collection/-/d3-collection-0.2.0.tgz",
      "integrity": "sha1-CnzzYtgj8MZQV8wHX05EHDHDAPo="
    },
    "d3-color": {
      "version": "0.4.2",
      "resolved": "https://registry.npmjs.org/d3-color/-/d3-color-0.4.2.tgz",
      "integrity": "sha1-3wE+eJ2b/vD46jmGySNAzfNA2KA="
    },
    "d3-dispatch": {
      "version": "0.4.3",
      "resolved": "https://registry.npmjs.org/d3-dispatch/-/d3-dispatch-0.4.3.tgz",
      "integrity": "sha1-2mlJV9aKaU0INM1uVCP0BTh3Tk4="
    },
    "d3-drag": {
      "version": "0.2.1",
      "resolved": "https://registry.npmjs.org/d3-drag/-/d3-drag-0.2.1.tgz",
      "integrity": "sha1-6SwrwvtBOuRx7vxySqhPx+ZgR8c=",
      "requires": {
        "d3-dispatch": "0.4.3",
        "d3-selection": "0.7.3"
      }
    },
    "d3-dsv": {
      "version": "0.3.2",
      "resolved": "https://registry.npmjs.org/d3-dsv/-/d3-dsv-0.3.2.tgz",
      "integrity": "sha1-Rpn4KI0CUtzGcakJq4FaxjMYjR0=",
      "requires": {
        "rw": "1.3.3"
      }
    },
    "d3-ease": {
      "version": "0.7.0",
      "resolved": "https://registry.npmjs.org/d3-ease/-/d3-ease-0.7.0.tgz",
      "integrity": "sha1-GqXt9Y49bnu9agAMAKExqeAYEDw="
    },
    "d3-force": {
      "version": "0.6.3",
      "resolved": "https://registry.npmjs.org/d3-force/-/d3-force-0.6.3.tgz",
      "integrity": "sha1-wE0xKmIknsmxs84CxacG5oBivAo=",
      "requires": {
        "d3-collection": "0.2.0",
        "d3-dispatch": "0.4.3",
        "d3-quadtree": "0.7.3",
        "d3-timer": "0.4.4"
      }
    },
    "d3-format": {
      "version": "0.5.1",
      "resolved": "https://registry.npmjs.org/d3-format/-/d3-format-0.5.1.tgz",
      "integrity": "sha1-lEfXyVyEsV00wTiXXb8EiaQS5AU="
    },
    "d3-hierarchy": {
      "version": "0.2.3",
      "resolved": "https://registry.npmjs.org/d3-hierarchy/-/d3-hierarchy-0.2.3.tgz",
      "integrity": "sha1-p/SpZi46fiF65eEcK+WUvGDbuEk="
    },
    "d3-interpolate": {
      "version": "0.8.0",
      "resolved": "https://registry.npmjs.org/d3-interpolate/-/d3-interpolate-0.8.0.tgz",
      "integrity": "sha1-V/HczDC8N6SWZcHy/oKvEUHSWZ0=",
      "requires": {
        "d3-color": "0.4.2"
      }
    },
    "d3-path": {
      "version": "0.1.5",
      "resolved": "https://registry.npmjs.org/d3-path/-/d3-path-0.1.5.tgz",
      "integrity": "sha1-f2LgZRJ4b0LjundbtmAnr8yFVik="
    },
    "d3-polygon": {
      "version": "0.2.1",
      "resolved": "https://registry.npmjs.org/d3-polygon/-/d3-polygon-0.2.1.tgz",
      "integrity": "sha1-sD88pPnMKCwtGFRuTyFAVHBw/NE="
    },
    "d3-quadtree": {
      "version": "0.7.3",
      "resolved": "https://registry.npmjs.org/d3-quadtree/-/d3-quadtree-0.7.3.tgz",
      "integrity": "sha1-TOGCzem27fqFEbAeoX9FCdKtrUQ="
    },
    "d3-queue": {
      "version": "2.0.3",
      "resolved": "https://registry.npmjs.org/d3-queue/-/d3-queue-2.0.3.tgz",
      "integrity": "sha1-B/vaOsrlNYqcUpmq+ICt8JU+0sI="
    },
    "d3-random": {
      "version": "0.2.1",
      "resolved": "https://registry.npmjs.org/d3-random/-/d3-random-0.2.1.tgz",
      "integrity": "sha1-YUGDcZnm59vxMSXgHkSyyD5eSD8="
    },
    "d3-request": {
      "version": "0.4.7",
      "resolved": "https://registry.npmjs.org/d3-request/-/d3-request-0.4.7.tgz",
      "integrity": "sha1-/x6NahcuJplhXbrd6bLhnoC6hSk=",
      "requires": {
        "d3-collection": "0.2.0",
        "d3-dispatch": "0.4.3",
        "d3-dsv": "0.3.2",
        "xmlhttprequest": "1.8.0"
      }
    },
    "d3-scale": {
      "version": "0.7.2",
      "resolved": "https://registry.npmjs.org/d3-scale/-/d3-scale-0.7.2.tgz",
      "integrity": "sha1-ayzYufT7grjUpsaHmh74kHeWEQU=",
      "requires": {
        "d3-array": "0.7.1",
        "d3-collection": "0.2.0",
        "d3-color": "0.4.2",
        "d3-format": "0.5.1",
        "d3-interpolate": "0.8.0",
        "d3-time": "0.2.5",
        "d3-time-format": "0.3.2"
      }
    },
    "d3-selection": {
      "version": "0.7.3",
      "resolved": "https://registry.npmjs.org/d3-selection/-/d3-selection-0.7.3.tgz",
      "integrity": "sha1-Sc7XgwAKmj+gd2/tMPCALaRHEZQ="
    },
    "d3-shape": {
      "version": "0.6.1",
      "resolved": "https://registry.npmjs.org/d3-shape/-/d3-shape-0.6.1.tgz",
      "integrity": "sha1-p85DKS5tPKUHnFYmrdA7Vs05F24=",
      "requires": {
        "d3-path": "0.1.5"
      }
    },
    "d3-time": {
      "version": "0.2.5",
      "resolved": "https://registry.npmjs.org/d3-time/-/d3-time-0.2.5.tgz",
      "integrity": "sha1-b8BuUuo5r+2M0B+naqOtjETlTLs="
    },
    "d3-time-format": {
      "version": "0.3.2",
      "resolved": "https://registry.npmjs.org/d3-time-format/-/d3-time-format-0.3.2.tgz",
      "integrity": "sha1-nDDpCkB4+T+sFeJ7IBaGVIjAB8E=",
      "requires": {
        "d3-time": "0.2.5"
      }
    },
    "d3-timer": {
      "version": "0.4.4",
      "resolved": "https://registry.npmjs.org/d3-timer/-/d3-timer-0.4.4.tgz",
      "integrity": "sha1-3D0v7aItJ1skeO4DZIPQkjEyfiI="
    },
    "d3-transition": {
      "version": "0.2.10",
      "resolved": "https://registry.npmjs.org/d3-transition/-/d3-transition-0.2.10.tgz",
      "integrity": "sha1-cyJ9K7LQk5v0ZAkufMmzlzBVnJQ=",
      "requires": {
        "d3-color": "0.4.2",
        "d3-dispatch": "0.4.3",
        "d3-ease": "0.7.0",
        "d3-interpolate": "0.8.0",
        "d3-selection": "0.7.3",
        "d3-timer": "0.4.4"
      }
    },
    "d3-voronoi": {
      "version": "0.3.3",
      "resolved": "https://registry.npmjs.org/d3-voronoi/-/d3-voronoi-0.3.3.tgz",
      "integrity": "sha1-G8S9QdpnmtjAl5hmc2J9BPdMBvM="
    },
    "d3-zoom": {
      "version": "0.2.2",
      "resolved": "https://registry.npmjs.org/d3-zoom/-/d3-zoom-0.2.2.tgz",
      "integrity": "sha1-keZQzhmUvsoC2fEhPyWmENDcrV4=",
      "requires": {
        "d3-dispatch": "0.4.3",
        "d3-drag": "0.2.1",
        "d3-interpolate": "0.8.0",
        "d3-selection": "0.7.3",
        "d3-transition": "0.2.10"
      }
    },
    "rw": {
      "version": "1.3.3",
      "resolved": "https://registry.npmjs.org/rw/-/rw-1.3.3.tgz",
      "integrity": "sha1-P4Yt+pGrdmsUiF700BEkv9oHT7Q="
    },
    "xmlhttprequest": {
      "version": "1.8.0",
      "resolved": "https://registry.npmjs.org/xmlhttprequest/-/xmlhttprequest-1.8.0.tgz",
      "integrity": "sha1-Z/4HXFwk/vOfnWX197f+dRcZaPw="
    }
  }
}
